<?xml version="1.0" encoding="utf-8"?>
<Project ToolsVersion="4.0" xmlns="http://schemas.microsoft.com/developer/msbuild/2003">
  <ItemGroup>
    <ClCompile Include="Character.cpp" />
    <ClCompile Include="main.cpp" />
    <ClCompile Include="Pacman.cpp" />
    <ClCompile Include="Map.cpp" />
    <ClCompile Include="Debug.cpp" />
    <ClCompile Include="Military.cpp" />
    <ClCompile Include="Game.cpp" />
    <ClCompile Include="Enemy.cpp">
      <Filter>Enemy</Filter>
    </ClCompile>
    <ClCompile Include="EnemyBashful.cpp">
      <Filter>Enemy</Filter>
    </ClCompile>
    <ClCompile Include="EnemyPokey.cpp">
      <Filter>Enemy</Filter>
    </ClCompile>
    <ClCompile Include="EnemyShadow.cpp">
      <Filter>Enemy</Filter>
    </ClCompile>
    <ClCompile Include="EnemySpeedy.cpp">
      <Filter>Enemy</Filter>
    </ClCompile>
    <ClCompile Include="EnemyGreen.cpp">
      <Filter>Enemy</Filter>
    </ClCompile>
    <ClCompile Include="EnemyPurple.cpp">
      <Filter>Enemy</Filter>
    </ClCompile>
    <ClCompile Include="EnemyYellow.cpp">
      <Filter>Enemy</Filter>
    </ClCompile>
    <ClCompile Include="SceneResult.cpp">
      <Filter>Scene</Filter>
    </ClCompile>
    <ClCompile Include="SceneStage.cpp">
      <Filter>Scene</Filter>
    </ClCompile>
    <ClCompile Include="SceneTitle.cpp">
      <Filter>Scene</Filter>
    </ClCompile>
    <ClCompile Include="Scene.cpp">
      <Filter>Scene</Filter>
    </ClCompile>
    <ClCompile Include="Score.cpp" />
    <ClCompile Include="EnemyBlunder.cpp">
      <Filter>Enemy</Filter>
    </ClCompile>
  </ItemGroup>
  <ItemGroup>
    <ClInclude Include="Character.h" />
    <ClInclude Include="Pacman.h" />
    <ClInclude Include="Map.h" />
    <ClInclude Include="Debug.h" />
    <ClInclude Include="Military.h" />
    <ClInclude Include="Game.h" />
    <ClInclude Include="Enemy.h">
      <Filter>Enemy</Filter>
    </ClInclude>
    <ClInclude Include="EnemyBashful.h">
      <Filter>Enemy</Filter>
    </ClInclude>
    <ClInclude Include="EnemyPokey.h">
      <Filter>Enemy</Filter>
    </ClInclude>
    <ClInclude Include="EnemyShadow.h">
      <Filter>Enemy</Filter>
    </ClInclude>
    <ClInclude Include="EnemySpeedy.h">
      <Filter>Enemy</Filter>
    </ClInclude>
    <ClInclude Include="EnemyGreen.h">
      <Filter>Enemy</Filter>
    </ClInclude>
    <ClInclude Include="EnemyPurple.h">
      <Filter>Enemy</Filter>
    </ClInclude>
    <ClInclude Include="EnemyYellow.h">
      <Filter>Enemy</Filter>
    </ClInclude>
    <ClInclude Include="SceneResult.h">
      <Filter>Scene</Filter>
    </ClInclude>
    <ClInclude Include="SceneStage.h">
      <Filter>Scene</Filter>
    </ClInclude>
    <ClInclude Include="SceneTitle.h">
      <Filter>Scene</Filter>
    </ClInclude>
    <ClInclude Include="Scene.h">
      <Filter>Scene</Filter>
    </ClInclude>
    <ClInclude Include="Score.h" />
    <ClInclude Include="EnemyBlunder.h">
      <Filter>Enemy</Filter>
    </ClInclude>
  </ItemGroup>
  <ItemGroup>
    <Filter Include="Enemy">
      <UniqueIdentifier>{6679b9be-d643-4225-8638-78a054847cbe}</UniqueIdentifier>
    </Filter>
    <Filter Include="Scene">
      <UniqueIdentifier>{2a84b6a3-48b6-4300-a487-4948c37c4c64}</UniqueIdentifier>
    </Filter>
  </ItemGroup>
</Project>